
Microsoft Visual Studio Solution File, Format Version 12.00
# Visual Studio Version 17
VisualStudioVersion = 17.4.33110.190
MinimumVisualStudioVersion = 10.0.40219.1
Project("{9A19103F-16F7-4668-BE54-9A1E7A4F7556}") = "JRanker", "JRanker.csproj", "{78932EB0-273D-440D-AF14-06011EEBB54D}"
EndProject
Project("{9A19103F-16F7-4668-BE54-9A1E7A4F7556}") = "DataAccess", "..\DataAccess\DataAccess.csproj", "{5CCE755B-ECC7-4730-AEE5-F41BB36962DC}"
EndProject
Project("{00D1A9C2-B5F0-4AF3-8072-F6C62B433612}") = "RankerDB", "..\RankerDB\RankerDB.sqlproj", "{004C2297-DEFD-4EC1-A793-6D3611C83255}"
EndProject
Global
	GlobalSection(SolutionConfigurationPlatforms) = preSolution
		Debug|Any CPU = Debug|Any CPU
		Release|Any CPU = Release|Any CPU
	EndGlobalSection
	GlobalSection(ProjectConfigurationPlatforms) = postSolution
		{78932EB0-273D-440D-AF14-06011EEBB54D}.Debug|Any CPU.ActiveCfg = Debug|Any CPU
		{78932EB0-273D-440D-AF14-06011EEBB54D}.Debug|Any CPU.Build.0 = Debug|Any CPU
		{78932EB0-273D-440D-AF14-06011EEBB54D}.Release|Any CPU.ActiveCfg = Release|Any CPU
		{78932EB0-273D-440D-AF14-06011EEBB54D}.Release|Any CPU.Build.0 = Release|Any CPU
		{5CCE755B-ECC7-4730-AEE5-F41BB36962DC}.Debug|Any CPU.ActiveCfg = Debug|Any CPU
		{5CCE755B-ECC7-4730-AEE5-F41BB36962DC}.Debug|Any CPU.Build.0 = Debug|Any CPU
		{5CCE755B-ECC7-4730-AEE5-F41BB36962DC}.Release|Any CPU.ActiveCfg = Release|Any CPU
		{5CCE755B-ECC7-4730-AEE5-F41BB36962DC}.Release|Any CPU.Build.0 = Release|Any CPU
		{004C2297-DEFD-4EC1-A793-6D3611C83255}.Debug|Any CPU.ActiveCfg = Debug|Any CPU
		{004C2297-DEFD-4EC1-A793-6D3611C83255}.Debug|Any CPU.Build.0 = Debug|Any CPU
		{004C2297-DEFD-4EC1-A793-6D3611C83255}.Debug|Any CPU.Deploy.0 = Debug|Any CPU
		{004C2297-DEFD-4EC1-A793-6D3611C83255}.Release|Any CPU.ActiveCfg = Release|Any CPU
		{004C2297-DEFD-4EC1-A793-6D3611C83255}.Release|Any CPU.Build.0 = Release|Any CPU
		{004C2297-DEFD-4EC1-A793-6D3611C83255}.Release|Any CPU.Deploy.0 = Release|Any CPU
	EndGlobalSection
	GlobalSection(SolutionProperties) = preSolution
		HideSolutionNode = FALSE
	EndGlobalSection
	GlobalSection(ExtensibilityGlobals) = postSolution
		SolutionGuid = {587179D3-2738-4E68-8937-3AD79E4CB7D0}
	EndGlobalSection
EndGlobal
